
Microsoft Visual Studio Solution File, Format Version 12.00
# Visual Studio 2015
Project("{FAE04EC0-301F-11D3-BF4B-00C04F79EFBC}") = "TKA.CSharp.Plugins", "TKA.CSharp.Plugins.csproj", "{884BA6D9-81B3-99B9-B600-D9A26D7C5B5B}"
EndProject
Project("{FAE04EC0-301F-11D3-BF4B-00C04F79EFBC}") = "TKA.CSharp", "TKA.CSharp.csproj", "{19757446-F058-FD52-057B-2C9DC00AD96A}"
EndProject
Project("{FAE04EC0-301F-11D3-BF4B-00C04F79EFBC}") = "TKA.CSharp.Editor", "TKA.CSharp.Editor.csproj", "{B799889F-92FB-BF91-CF0E-9CF2FEE9BE17}"
EndProject
Global
	GlobalSection(SolutionConfigurationPlatforms) = preSolution
		Debug|Any CPU = Debug|Any CPU
		Release|Any CPU = Release|Any CPU
	EndGlobalSection
	GlobalSection(ProjectConfigurationPlatforms) = postSolution
		{884BA6D9-81B3-99B9-B600-D9A26D7C5B5B}.Debug|Any CPU.ActiveCfg = Debug|Any CPU
		{884BA6D9-81B3-99B9-B600-D9A26D7C5B5B}.Debug|Any CPU.Build.0 = Debug|Any CPU
		{884BA6D9-81B3-99B9-B600-D9A26D7C5B5B}.Release|Any CPU.ActiveCfg = Release|Any CPU
		{884BA6D9-81B3-99B9-B600-D9A26D7C5B5B}.Release|Any CPU.Build.0 = Release|Any CPU
		{19757446-F058-FD52-057B-2C9DC00AD96A}.Debug|Any CPU.ActiveCfg = Debug|Any CPU
		{19757446-F058-FD52-057B-2C9DC00AD96A}.Debug|Any CPU.Build.0 = Debug|Any CPU
		{19757446-F058-FD52-057B-2C9DC00AD96A}.Release|Any CPU.ActiveCfg = Release|Any CPU
		{19757446-F058-FD52-057B-2C9DC00AD96A}.Release|Any CPU.Build.0 = Release|Any CPU
		{B799889F-92FB-BF91-CF0E-9CF2FEE9BE17}.Debug|Any CPU.ActiveCfg = Debug|Any CPU
		{B799889F-92FB-BF91-CF0E-9CF2FEE9BE17}.Debug|Any CPU.Build.0 = Debug|Any CPU
		{B799889F-92FB-BF91-CF0E-9CF2FEE9BE17}.Release|Any CPU.ActiveCfg = Release|Any CPU
		{B799889F-92FB-BF91-CF0E-9CF2FEE9BE17}.Release|Any CPU.Build.0 = Release|Any CPU
	EndGlobalSection
	GlobalSection(SolutionProperties) = preSolution
		HideSolutionNode = FALSE
	EndGlobalSection
EndGlobal
