Microsoft Visual Studio Solution File, Format Version 11.00
# Visual Studio 2008

Project("{E93E3064-A351-A69D-01FE-9B4E2E1B2B50}") = "TKA", "Assembly-CSharp-firstpass.csproj", "{F9C9CF96-FF1A-EFC1-F8F5-CBCB3C85CD1E}"
EndProject
Project("{E93E3064-A351-A69D-01FE-9B4E2E1B2B50}") = "TKA", "Assembly-CSharp.csproj", "{021ACEB8-86CE-8AFF-EF27-B5CECB8819CE}"
EndProject
Project("{E93E3064-A351-A69D-01FE-9B4E2E1B2B50}") = "TKA", "Assembly-CSharp-Editor.csproj", "{F226959D-E4A0-8BCD-EF45-B38DDB99206E}"
EndProject
Global
	GlobalSection(SolutionConfigurationPlatforms) = preSolution
		Debug|Any CPU = Debug|Any CPU
		Release|Any CPU = Release|Any CPU
	EndGlobalSection
	GlobalSection(ProjectConfigurationPlatforms) = postSolution
		{F9C9CF96-FF1A-EFC1-F8F5-CBCB3C85CD1E}.Debug|Any CPU.ActiveCfg = Debug|Any CPU
		{F9C9CF96-FF1A-EFC1-F8F5-CBCB3C85CD1E}.Debug|Any CPU.Build.0 = Debug|Any CPU
		{F9C9CF96-FF1A-EFC1-F8F5-CBCB3C85CD1E}.Release|Any CPU.ActiveCfg = Release|Any CPU
		{F9C9CF96-FF1A-EFC1-F8F5-CBCB3C85CD1E}.Release|Any CPU.Build.0 = Release|Any CPU
		{021ACEB8-86CE-8AFF-EF27-B5CECB8819CE}.Debug|Any CPU.ActiveCfg = Debug|Any CPU
		{021ACEB8-86CE-8AFF-EF27-B5CECB8819CE}.Debug|Any CPU.Build.0 = Debug|Any CPU
		{021ACEB8-86CE-8AFF-EF27-B5CECB8819CE}.Release|Any CPU.ActiveCfg = Release|Any CPU
		{021ACEB8-86CE-8AFF-EF27-B5CECB8819CE}.Release|Any CPU.Build.0 = Release|Any CPU
		{F226959D-E4A0-8BCD-EF45-B38DDB99206E}.Debug|Any CPU.ActiveCfg = Debug|Any CPU
		{F226959D-E4A0-8BCD-EF45-B38DDB99206E}.Debug|Any CPU.Build.0 = Debug|Any CPU
		{F226959D-E4A0-8BCD-EF45-B38DDB99206E}.Release|Any CPU.ActiveCfg = Release|Any CPU
		{F226959D-E4A0-8BCD-EF45-B38DDB99206E}.Release|Any CPU.Build.0 = Release|Any CPU
	EndGlobalSection
	GlobalSection(SolutionProperties) = preSolution
		HideSolutionNode = FALSE
	EndGlobalSection
	GlobalSection(MonoDevelopProperties) = preSolution
		StartupItem = Assembly-CSharp.csproj
	EndGlobalSection
EndGlobal
